// !$*UTF8*$!
{
	archiveVersion = 1;
	classes = {
	};
	objectVersion = 46;
	objects = {

/* Begin PBXBuildFile section */
		8392007A18EE8E3300B6C429 /* GLKit.framework in Frameworks */ = {isa = PBXBuildFile; fileRef = 8392007918EE8E3300B6C429 /* GLKit.framework */; };
		B71F5911188484E7003F4D28 /* iPad-old.png in Resources */ = {isa = PBXBuildFile; fileRef = B71F5907188484E7003F4D28 /* iPad-old.png */; };
		B71F5912188484E7003F4D28 /* iPad-old@2x.png in Resources */ = {isa = PBXBuildFile; fileRef = B71F5908188484E7003F4D28 /* iPad-old@2x.png */; };
		B71F5913188484E7003F4D28 /* iPad.png in Resources */ = {isa = PBXBuildFile; fileRef = B71F5909188484E7003F4D28 /* iPad.png */; };
		B71F5914188484E7003F4D28 /* iPad@2x.png in Resources */ = {isa = PBXBuildFile; fileRef = B71F590A188484E7003F4D28 /* iPad@2x.png */; };
		B71F5915188484E7003F4D28 /* iPhone-old.png in Resources */ = {isa = PBXBuildFile; fileRef = B71F590B188484E7003F4D28 /* iPhone-old.png */; };
		B71F5916188484E7003F4D28 /* iPhone-old@2x.png in Resources */ = {isa = PBXBuildFile; fileRef = B71F590C188484E7003F4D28 /* iPhone-old@2x.png */; };
		B71F5917188484E7003F4D28 /* iPhone.png in Resources */ = {isa = PBXBuildFile; fileRef = B71F590D188484E7003F4D28 /* iPhone.png */; };
		B71F5918188484E7003F4D28 /* iPhone@2x.png in Resources */ = {isa = PBXBuildFile; fileRef = B71F590E188484E7003F4D28 /* iPhone@2x.png */; };
		B71F5919188484E7003F4D28 /* Settings.png in Resources */ = {isa = PBXBuildFile; fileRef = B71F590F188484E7003F4D28 /* Settings.png */; };
		B71F591A188484E7003F4D28 /* Settings@2x.png in Resources */ = {isa = PBXBuildFile; fileRef = B71F5910188484E7003F4D28 /* Settings@2x.png */; };
		B737893B180761570076A88C /* Published-iOS in Resources */ = {isa = PBXBuildFile; fileRef = B737893A180761570076A88C /* Published-iOS */; };
		B737893F1807617C0076A88C /* AppDelegate.m in Sources */ = {isa = PBXBuildFile; fileRef = B737893E1807617C0076A88C /* AppDelegate.m */; };
		B73789871807631A0076A88C /* main.m in Sources */ = {isa = PBXBuildFile; fileRef = B73789851807631A0076A88C /* main.m */; };
		B737898A1807642B0076A88C /* libcocos2d.a in Frameworks */ = {isa = PBXBuildFile; fileRef = B737894B180761A90076A88C /* libcocos2d.a */; };
		B7378994180767190076A88C /* MainScene.m in Sources */ = {isa = PBXBuildFile; fileRef = B7378993180767190076A88C /* MainScene.m */; };
		B77F1B3217B978D7009739AE /* QuartzCore.framework in Frameworks */ = {isa = PBXBuildFile; fileRef = B77F1B3117B978D7009739AE /* QuartzCore.framework */; };
		B77F1B3417B978D7009739AE /* OpenGLES.framework in Frameworks */ = {isa = PBXBuildFile; fileRef = B77F1B3317B978D7009739AE /* OpenGLES.framework */; };
		B77F1B3617B978D7009739AE /* OpenAL.framework in Frameworks */ = {isa = PBXBuildFile; fileRef = B77F1B3517B978D7009739AE /* OpenAL.framework */; };
		B77F1B3817B978D7009739AE /* AudioToolbox.framework in Frameworks */ = {isa = PBXBuildFile; fileRef = B77F1B3717B978D7009739AE /* AudioToolbox.framework */; };
		B77F1B3A17B978D7009739AE /* AVFoundation.framework in Frameworks */ = {isa = PBXBuildFile; fileRef = B77F1B3917B978D7009739AE /* AVFoundation.framework */; };
		B77F1B3C17B978D7009739AE /* UIKit.framework in Frameworks */ = {isa = PBXBuildFile; fileRef = B77F1B3B17B978D7009739AE /* UIKit.framework */; };
		B77F1B3E17B978D7009739AE /* Foundation.framework in Frameworks */ = {isa = PBXBuildFile; fileRef = B77F1B3D17B978D7009739AE /* Foundation.framework */; };
		B77F1B4017B978D7009739AE /* CoreGraphics.framework in Frameworks */ = {isa = PBXBuildFile; fileRef = B77F1B3F17B978D7009739AE /* CoreGraphics.framework */; };
		B77F1B4217B978D7009739AE /* CoreText.framework in Frameworks */ = {isa = PBXBuildFile; fileRef = B77F1B4117B978D7009739AE /* CoreText.framework */; };
		D82CC8C01920D7B80048D06A /* BlueBall.m in Sources */ = {isa = PBXBuildFile; fileRef = D82CC8B51920D7B80048D06A /* BlueBall.m */; };
		D82CC8C11920D7B80048D06A /* GreenBall.m in Sources */ = {isa = PBXBuildFile; fileRef = D82CC8B71920D7B80048D06A /* GreenBall.m */; };
		D82CC8C21920D7B80048D06A /* RedBall.m in Sources */ = {isa = PBXBuildFile; fileRef = D82CC8B91920D7B80048D06A /* RedBall.m */; };
		D82CC8C31920D7B80048D06A /* VioletBall.m in Sources */ = {isa = PBXBuildFile; fileRef = D82CC8BB1920D7B80048D06A /* VioletBall.m */; };
		D82CC8C41920D7B80048D06A /* YellowBall.m in Sources */ = {isa = PBXBuildFile; fileRef = D82CC8BD1920D7B80048D06A /* YellowBall.m */; };
		D82CC8C51920D7B80048D06A /* OrangeBall.m in Sources */ = {isa = PBXBuildFile; fileRef = D82CC8BF1920D7B80048D06A /* OrangeBall.m */; };
		D82CC8D21920D7BE0048D06A /* GreenBullet.m in Sources */ = {isa = PBXBuildFile; fileRef = D82CC8C71920D7BE0048D06A /* GreenBullet.m */; };
		D82CC8D31920D7BE0048D06A /* OrangeBullet.m in Sources */ = {isa = PBXBuildFile; fileRef = D82CC8C91920D7BE0048D06A /* OrangeBullet.m */; };
		D82CC8D41920D7BE0048D06A /* RedBullet.m in Sources */ = {isa = PBXBuildFile; fileRef = D82CC8CB1920D7BE0048D06A /* RedBullet.m */; };
		D82CC8D51920D7BE0048D06A /* VioletBullet.m in Sources */ = {isa = PBXBuildFile; fileRef = D82CC8CD1920D7BE0048D06A /* VioletBullet.m */; };
		D82CC8D61920D7BE0048D06A /* YellowBullet.m in Sources */ = {isa = PBXBuildFile; fileRef = D82CC8CF1920D7BE0048D06A /* YellowBullet.m */; };
		D82CC8D71920D7BE0048D06A /* BlueBullet.m in Sources */ = {isa = PBXBuildFile; fileRef = D82CC8D11920D7BE0048D06A /* BlueBullet.m */; };
		D8665D051920DD780016A2DE /* BlueBush.m in Sources */ = {isa = PBXBuildFile; fileRef = D8665D041920DD780016A2DE /* BlueBush.m */; };
		D8665D081920DD830016A2DE /* GreenBush.m in Sources */ = {isa = PBXBuildFile; fileRef = D8665D071920DD830016A2DE /* GreenBush.m */; };
		D8665D0B1920DD8A0016A2DE /* RedBush.m in Sources */ = {isa = PBXBuildFile; fileRef = D8665D0A1920DD8A0016A2DE /* RedBush.m */; };
		D8665D0E1920DD940016A2DE /* YellowBush.m in Sources */ = {isa = PBXBuildFile; fileRef = D8665D0D1920DD940016A2DE /* YellowBush.m */; };
		D8665D111920DD9D0016A2DE /* VioletBush.m in Sources */ = {isa = PBXBuildFile; fileRef = D8665D101920DD9D0016A2DE /* VioletBush.m */; };
		D8665D141920DDA40016A2DE /* OrangeBush.m in Sources */ = {isa = PBXBuildFile; fileRef = D8665D131920DDA40016A2DE /* OrangeBush.m */; };
		D893C4B319213A48003D8DCD /* GameStartScene.m in Sources */ = {isa = PBXBuildFile; fileRef = D893C4B219213A48003D8DCD /* GameStartScene.m */; };
		D893C4B719213A70003D8DCD /* GameOverScene.m in Sources */ = {isa = PBXBuildFile; fileRef = D893C4B619213A70003D8DCD /* GameOverScene.m */; };
		D893C4BA19213DED003D8DCD /* SharedObject.m in Sources */ = {isa = PBXBuildFile; fileRef = D893C4B919213DED003D8DCD /* SharedObject.m */; };
		D893C4BD19213FB4003D8DCD /* GameMenuScene.m in Sources */ = {isa = PBXBuildFile; fileRef = D893C4BC19213FB4003D8DCD /* GameMenuScene.m */; };
		D893C4C9192140E8003D8DCD /* MyiAd.m in Sources */ = {isa = PBXBuildFile; fileRef = D893C4C0192140E8003D8DCD /* MyiAd.m */; };
		D893C4CA192140E8003D8DCD /* MyGAd.m in Sources */ = {isa = PBXBuildFile; fileRef = D893C4C2192140E8003D8DCD /* MyGAd.m */; };
		D893C4CB192140E8003D8DCD /* GCHelper.m in Sources */ = {isa = PBXBuildFile; fileRef = D893C4C4192140E8003D8DCD /* GCHelper.m */; };
		D893C4CC192140E8003D8DCD /* IAPHelper.m in Sources */ = {isa = PBXBuildFile; fileRef = D893C4C6192140E8003D8DCD /* IAPHelper.m */; };
		D893C4CD192140E8003D8DCD /* IAPTableViewController.m in Sources */ = {isa = PBXBuildFile; fileRef = D893C4C8192140E8003D8DCD /* IAPTableViewController.m */; };
		D893C4DE19214134003D8DCD /* libGoogleAdMobAds.a in Frameworks */ = {isa = PBXBuildFile; fileRef = D893C4DC19214134003D8DCD /* libGoogleAdMobAds.a */; };
		D893C4DF19214134003D8DCD /* README.txt in Resources */ = {isa = PBXBuildFile; fileRef = D893C4DD19214134003D8DCD /* README.txt */; };
		D893C4E11921421A003D8DCD /* SystemConfiguration.framework in Frameworks */ = {isa = PBXBuildFile; fileRef = D893C4E01921421A003D8DCD /* SystemConfiguration.framework */; };
		D893C4E319214220003D8DCD /* StoreKit.framework in Frameworks */ = {isa = PBXBuildFile; fileRef = D893C4E219214220003D8DCD /* StoreKit.framework */; };
		D893C4E519214228003D8DCD /* MessageUI.framework in Frameworks */ = {isa = PBXBuildFile; fileRef = D893C4E419214228003D8DCD /* MessageUI.framework */; };
		D893C4E71921422E003D8DCD /* CoreTelephony.framework in Frameworks */ = {isa = PBXBuildFile; fileRef = D893C4E61921422E003D8DCD /* CoreTelephony.framework */; };
		D893C4E91921423F003D8DCD /* AdSupport.framework in Frameworks */ = {isa = PBXBuildFile; fileRef = D893C4E81921423F003D8DCD /* AdSupport.framework */; };
		D893C4EB19214245003D8DCD /* Social.framework in Frameworks */ = {isa = PBXBuildFile; fileRef = D893C4EA19214245003D8DCD /* Social.framework */; };
		D893C4ED1921424B003D8DCD /* iAd.framework in Frameworks */ = {isa = PBXBuildFile; fileRef = D893C4EC1921424B003D8DCD /* iAd.framework */; };
		D893C4EF19214254003D8DCD /* GameKit.framework in Frameworks */ = {isa = PBXBuildFile; fileRef = D893C4EE19214254003D8DCD /* GameKit.framework */; };
		D893C4F11921425A003D8DCD /* CFNetwork.framework in Frameworks */ = {isa = PBXBuildFile; fileRef = D893C4F01921425A003D8DCD /* CFNetwork.framework */; };
		D893C4FB192156F0003D8DCD /* lasershoot.caf in Resources */ = {isa = PBXBuildFile; fileRef = D893C4F4192156F0003D8DCD /* lasershoot.caf */; };
		D893C4FC192156F0003D8DCD /* ploop.caf in Resources */ = {isa = PBXBuildFile; fileRef = D893C4F5192156F0003D8DCD /* ploop.caf */; };
		D893C4FD192156F0003D8DCD /* pop.caf in Resources */ = {isa = PBXBuildFile; fileRef = D893C4F6192156F0003D8DCD /* pop.caf */; };
		D893C4FE192156F0003D8DCD /* PopRight.caf in Resources */ = {isa = PBXBuildFile; fileRef = D893C4F7192156F0003D8DCD /* PopRight.caf */; };
		D893C4FF192156F0003D8DCD /* thump.caf in Resources */ = {isa = PBXBuildFile; fileRef = D893C4F8192156F0003D8DCD /* thump.caf */; };
		D893C500192156F0003D8DCD /* Ting.caf in Resources */ = {isa = PBXBuildFile; fileRef = D893C4F9192156F0003D8DCD /* Ting.caf */; };
		D893C501192156F0003D8DCD /* uhoh.caf in Resources */ = {isa = PBXBuildFile; fileRef = D893C4FA192156F0003D8DCD /* uhoh.caf */; };
		D893C503192157BC003D8DCD /* ballshot.caf in Resources */ = {isa = PBXBuildFile; fileRef = D893C502192157BC003D8DCD /* ballshot.caf */; };
		D893C509192160D6003D8DCD /* Appirater.m in Sources */ = {isa = PBXBuildFile; fileRef = D893C508192160D6003D8DCD /* Appirater.m */; };
		D893C5101921680C003D8DCD /* ColorShooterIAPHelper.m in Sources */ = {isa = PBXBuildFile; fileRef = D893C50F1921680C003D8DCD /* ColorShooterIAPHelper.m */; };
		D89F82E9192193D700DC58C5 /* Images.xcassets in Resources */ = {isa = PBXBuildFile; fileRef = D89F82E8192193D700DC58C5 /* Images.xcassets */; };
		D89F82F3192193F200DC58C5 /* 114x114.png in Resources */ = {isa = PBXBuildFile; fileRef = D89F82EB192193F200DC58C5 /* 114x114.png */; };
		D89F82F4192193F200DC58C5 /* 120x120.png in Resources */ = {isa = PBXBuildFile; fileRef = D89F82EC192193F200DC58C5 /* 120x120.png */; };
		D89F82F5192193F200DC58C5 /* 152x152.png in Resources */ = {isa = PBXBuildFile; fileRef = D89F82ED192193F200DC58C5 /* 152x152.png */; };
		D89F82F6192193F200DC58C5 /* 29x29.png in Resources */ = {isa = PBXBuildFile; fileRef = D89F82EE192193F200DC58C5 /* 29x29.png */; };
		D89F82F7192193F200DC58C5 /* 57x57.png in Resources */ = {isa = PBXBuildFile; fileRef = D89F82EF192193F200DC58C5 /* 57x57.png */; };
		D89F82F8192193F200DC58C5 /* 58x58.png in Resources */ = {isa = PBXBuildFile; fileRef = D89F82F0192193F200DC58C5 /* 58x58.png */; };
		D89F82F9192193F200DC58C5 /* 72x72.png in Resources */ = {isa = PBXBuildFile; fileRef = D89F82F1192193F200DC58C5 /* 72x72.png */; };
		D89F82FA192193F200DC58C5 /* 76x76.png in Resources */ = {isa = PBXBuildFile; fileRef = D89F82F2192193F200DC58C5 /* 76x76.png */; };
		D89F8303192194C000DC58C5 /* Default-568h@2x.png in Resources */ = {isa = PBXBuildFile; fileRef = D89F82FB192194C000DC58C5 /* Default-568h@2x.png */; };
		D89F8304192194C000DC58C5 /* Default-Landscape~iPad-1.png in Resources */ = {isa = PBXBuildFile; fileRef = D89F82FC192194C000DC58C5 /* Default-Landscape~iPad-1.png */; };
		D89F8305192194C000DC58C5 /* Default-Landscape~iPad.png in Resources */ = {isa = PBXBuildFile; fileRef = D89F82FD192194C000DC58C5 /* Default-Landscape~iPad.png */; };
		D89F8307192194C000DC58C5 /* Default-Landscape~iPad@2x-1.png in Resources */ = {isa = PBXBuildFile; fileRef = D89F82FF192194C000DC58C5 /* Default-Landscape~iPad@2x-1.png */; };
		D89F8308192194C000DC58C5 /* Default-Landscape~iPad@2x.png in Resources */ = {isa = PBXBuildFile; fileRef = D89F8300192194C000DC58C5 /* Default-Landscape~iPad@2x.png */; };
		D89F8309192194C000DC58C5 /* Default.png in Resources */ = {isa = PBXBuildFile; fileRef = D89F8301192194C000DC58C5 /* Default.png */; };
		D89F830A192194C000DC58C5 /* Default@2x.png in Resources */ = {isa = PBXBuildFile; fileRef = D89F8302192194C000DC58C5 /* Default@2x.png */; };
		D89F830C19219B8100DC58C5 /* NoDear.caf in Resources */ = {isa = PBXBuildFile; fileRef = D89F830B19219B8100DC58C5 /* NoDear.caf */; };
/* End PBXBuildFile section */

/* Begin PBXContainerItemProxy section */
		B737894A180761A90076A88C /* PBXContainerItemProxy */ = {
			isa = PBXContainerItemProxy;
			containerPortal = B7378940180761A80076A88C /* cocos2d-ios.xcodeproj */;
			proxyType = 2;
			remoteGlobalIDString = 5018F24D0DFDEAC400C013A5;
			remoteInfo = cocos2d;
		};
		B7378988180764180076A88C /* PBXContainerItemProxy */ = {
			isa = PBXContainerItemProxy;
			containerPortal = B7378940180761A80076A88C /* cocos2d-ios.xcodeproj */;
			proxyType = 1;
			remoteGlobalIDString = 5018F24C0DFDEAC400C013A5;
			remoteInfo = cocos2d;
		};
/* End PBXContainerItemProxy section */

/* Begin PBXFileReference section */
		8392007918EE8E3300B6C429 /* GLKit.framework */ = {isa = PBXFileReference; lastKnownFileType = wrapper.framework; name = GLKit.framework; path = System/Library/Frameworks/GLKit.framework; sourceTree = SDKROOT; };
		B71F5907188484E7003F4D28 /* iPad-old.png */ = {isa = PBXFileReference; lastKnownFileType = image.png; name = "iPad-old.png"; path = "Icons/iPad-old.png"; sourceTree = "<group>"; };
		B71F5908188484E7003F4D28 /* iPad-old@2x.png */ = {isa = PBXFileReference; lastKnownFileType = image.png; name = "iPad-old@2x.png"; path = "Icons/iPad-old@2x.png"; sourceTree = "<group>"; };
		B71F5909188484E7003F4D28 /* iPad.png */ = {isa = PBXFileReference; lastKnownFileType = image.png; name = iPad.png; path = Icons/iPad.png; sourceTree = "<group>"; };
		B71F590A188484E7003F4D28 /* iPad@2x.png */ = {isa = PBXFileReference; lastKnownFileType = image.png; name = "iPad@2x.png"; path = "Icons/iPad@2x.png"; sourceTree = "<group>"; };
		B71F590B188484E7003F4D28 /* iPhone-old.png */ = {isa = PBXFileReference; lastKnownFileType = image.png; name = "iPhone-old.png"; path = "Icons/iPhone-old.png"; sourceTree = "<group>"; };
		B71F590C188484E7003F4D28 /* iPhone-old@2x.png */ = {isa = PBXFileReference; lastKnownFileType = image.png; name = "iPhone-old@2x.png"; path = "Icons/iPhone-old@2x.png"; sourceTree = "<group>"; };
		B71F590D188484E7003F4D28 /* iPhone.png */ = {isa = PBXFileReference; lastKnownFileType = image.png; name = iPhone.png; path = Icons/iPhone.png; sourceTree = "<group>"; };
		B71F590E188484E7003F4D28 /* iPhone@2x.png */ = {isa = PBXFileReference; lastKnownFileType = image.png; name = "iPhone@2x.png"; path = "Icons/iPhone@2x.png"; sourceTree = "<group>"; };
		B71F590F188484E7003F4D28 /* Settings.png */ = {isa = PBXFileReference; lastKnownFileType = image.png; name = Settings.png; path = Icons/Settings.png; sourceTree = "<group>"; };
		B71F5910188484E7003F4D28 /* Settings@2x.png */ = {isa = PBXFileReference; lastKnownFileType = image.png; name = "Settings@2x.png"; path = "Icons/Settings@2x.png"; sourceTree = "<group>"; };
		B737893A180761570076A88C /* Published-iOS */ = {isa = PBXFileReference; lastKnownFileType = folder; name = "Published-iOS"; path = "Source/Resources/Published-iOS"; sourceTree = SOURCE_ROOT; };
		B737893D1807617C0076A88C /* AppDelegate.h */ = {isa = PBXFileReference; fileEncoding = 4; lastKnownFileType = sourcecode.c.h; name = AppDelegate.h; path = Source/AppDelegate.h; sourceTree = "<group>"; };
		B737893E1807617C0076A88C /* AppDelegate.m */ = {isa = PBXFileReference; fileEncoding = 4; lastKnownFileType = sourcecode.c.objc; name = AppDelegate.m; path = Source/AppDelegate.m; sourceTree = "<group>"; };
		B7378940180761A80076A88C /* cocos2d-ios.xcodeproj */ = {isa = PBXFileReference; lastKnownFileType = "wrapper.pb-project"; name = "cocos2d-ios.xcodeproj"; path = "Source/libs/cocos2d-iphone/cocos2d-ios.xcodeproj"; sourceTree = SOURCE_ROOT; };
		B73789851807631A0076A88C /* main.m */ = {isa = PBXFileReference; fileEncoding = 4; lastKnownFileType = sourcecode.c.objc; name = main.m; path = Source/main.m; sourceTree = SOURCE_ROOT; };
		B73789861807631A0076A88C /* Prefix.pch */ = {isa = PBXFileReference; fileEncoding = 4; lastKnownFileType = sourcecode.c.h; name = Prefix.pch; path = Source/Prefix.pch; sourceTree = SOURCE_ROOT; };
		B7378992180767190076A88C /* MainScene.h */ = {isa = PBXFileReference; fileEncoding = 4; lastKnownFileType = sourcecode.c.h; name = MainScene.h; path = Source/MainScene.h; sourceTree = "<group>"; };
		B7378993180767190076A88C /* MainScene.m */ = {isa = PBXFileReference; fileEncoding = 4; lastKnownFileType = sourcecode.c.objc; name = MainScene.m; path = Source/MainScene.m; sourceTree = "<group>"; };
		B77F1B2E17B978D7009739AE /* Color Shooter.app */ = {isa = PBXFileReference; explicitFileType = wrapper.application; includeInIndex = 0; path = "Color Shooter.app"; sourceTree = BUILT_PRODUCTS_DIR; };
		B77F1B3117B978D7009739AE /* QuartzCore.framework */ = {isa = PBXFileReference; lastKnownFileType = wrapper.framework; name = QuartzCore.framework; path = System/Library/Frameworks/QuartzCore.framework; sourceTree = SDKROOT; };
		B77F1B3317B978D7009739AE /* OpenGLES.framework */ = {isa = PBXFileReference; lastKnownFileType = wrapper.framework; name = OpenGLES.framework; path = System/Library/Frameworks/OpenGLES.framework; sourceTree = SDKROOT; };
		B77F1B3517B978D7009739AE /* OpenAL.framework */ = {isa = PBXFileReference; lastKnownFileType = wrapper.framework; name = OpenAL.framework; path = System/Library/Frameworks/OpenAL.framework; sourceTree = SDKROOT; };
		B77F1B3717B978D7009739AE /* AudioToolbox.framework */ = {isa = PBXFileReference; lastKnownFileType = wrapper.framework; name = AudioToolbox.framework; path = System/Library/Frameworks/AudioToolbox.framework; sourceTree = SDKROOT; };
		B77F1B3917B978D7009739AE /* AVFoundation.framework */ = {isa = PBXFileReference; lastKnownFileType = wrapper.framework; name = AVFoundation.framework; path = System/Library/Frameworks/AVFoundation.framework; sourceTree = SDKROOT; };
		B77F1B3B17B978D7009739AE /* UIKit.framework */ = {isa = PBXFileReference; lastKnownFileType = wrapper.framework; name = UIKit.framework; path = System/Library/Frameworks/UIKit.framework; sourceTree = SDKROOT; };
		B77F1B3D17B978D7009739AE /* Foundation.framework */ = {isa = PBXFileReference; lastKnownFileType = wrapper.framework; name = Foundation.framework; path = System/Library/Frameworks/Foundation.framework; sourceTree = SDKROOT; };
		B77F1B3F17B978D7009739AE /* CoreGraphics.framework */ = {isa = PBXFileReference; lastKnownFileType = wrapper.framework; name = CoreGraphics.framework; path = System/Library/Frameworks/CoreGraphics.framework; sourceTree = SDKROOT; };
		B77F1B4117B978D7009739AE /* CoreText.framework */ = {isa = PBXFileReference; lastKnownFileType = wrapper.framework; name = CoreText.framework; path = System/Library/Frameworks/CoreText.framework; sourceTree = SDKROOT; };
		B7B3713D180358F1007369CC /* libObjectiveChipmunk.a */ = {isa = PBXFileReference; lastKnownFileType = archive.ar; name = libObjectiveChipmunk.a; path = "../libs/cocos2d-iphone/external/Chipmunk/xcode/build/Debug-iphoneos/libObjectiveChipmunk.a"; sourceTree = "<group>"; };
		D82CC8B41920D7B80048D06A /* BlueBall.h */ = {isa = PBXFileReference; fileEncoding = 4; lastKnownFileType = sourcecode.c.h; path = BlueBall.h; sourceTree = "<group>"; };
		D82CC8B51920D7B80048D06A /* BlueBall.m */ = {isa = PBXFileReference; fileEncoding = 4; lastKnownFileType = sourcecode.c.objc; path = BlueBall.m; sourceTree = "<group>"; };
		D82CC8B61920D7B80048D06A /* GreenBall.h */ = {isa = PBXFileReference; fileEncoding = 4; lastKnownFileType = sourcecode.c.h; path = GreenBall.h; sourceTree = "<group>"; };
		D82CC8B71920D7B80048D06A /* GreenBall.m */ = {isa = PBXFileReference; fileEncoding = 4; lastKnownFileType = sourcecode.c.objc; path = GreenBall.m; sourceTree = "<group>"; };
		D82CC8B81920D7B80048D06A /* RedBall.h */ = {isa = PBXFileReference; fileEncoding = 4; lastKnownFileType = sourcecode.c.h; path = RedBall.h; sourceTree = "<group>"; };
		D82CC8B91920D7B80048D06A /* RedBall.m */ = {isa = PBXFileReference; fileEncoding = 4; lastKnownFileType = sourcecode.c.objc; path = RedBall.m; sourceTree = "<group>"; };
		D82CC8BA1920D7B80048D06A /* VioletBall.h */ = {isa = PBXFileReference; fileEncoding = 4; lastKnownFileType = sourcecode.c.h; path = VioletBall.h; sourceTree = "<group>"; };
		D82CC8BB1920D7B80048D06A /* VioletBall.m */ = {isa = PBXFileReference; fileEncoding = 4; lastKnownFileType = sourcecode.c.objc; path = VioletBall.m; sourceTree = "<group>"; };
		D82CC8BC1920D7B80048D06A /* YellowBall.h */ = {isa = PBXFileReference; fileEncoding = 4; lastKnownFileType = sourcecode.c.h; path = YellowBall.h; sourceTree = "<group>"; };
		D82CC8BD1920D7B80048D06A /* YellowBall.m */ = {isa = PBXFileReference; fileEncoding = 4; lastKnownFileType = sourcecode.c.objc; path = YellowBall.m; sourceTree = "<group>"; };
		D82CC8BE1920D7B80048D06A /* OrangeBall.h */ = {isa = PBXFileReference; fileEncoding = 4; lastKnownFileType = sourcecode.c.h; path = OrangeBall.h; sourceTree = "<group>"; };
		D82CC8BF1920D7B80048D06A /* OrangeBall.m */ = {isa = PBXFileReference; fileEncoding = 4; lastKnownFileType = sourcecode.c.objc; path = OrangeBall.m; sourceTree = "<group>"; };
		D82CC8C61920D7BE0048D06A /* GreenBullet.h */ = {isa = PBXFileReference; fileEncoding = 4; lastKnownFileType = sourcecode.c.h; path = GreenBullet.h; sourceTree = "<group>"; };
		D82CC8C71920D7BE0048D06A /* GreenBullet.m */ = {isa = PBXFileReference; fileEncoding = 4; lastKnownFileType = sourcecode.c.objc; path = GreenBullet.m; sourceTree = "<group>"; };
		D82CC8C81920D7BE0048D06A /* OrangeBullet.h */ = {isa = PBXFileReference; fileEncoding = 4; lastKnownFileType = sourcecode.c.h; path = OrangeBullet.h; sourceTree = "<group>"; };
		D82CC8C91920D7BE0048D06A /* OrangeBullet.m */ = {isa = PBXFileReference; fileEncoding = 4; lastKnownFileType = sourcecode.c.objc; path = OrangeBullet.m; sourceTree = "<group>"; };
		D82CC8CA1920D7BE0048D06A /* RedBullet.h */ = {isa = PBXFileReference; fileEncoding = 4; lastKnownFileType = sourcecode.c.h; path = RedBullet.h; sourceTree = "<group>"; };
		D82CC8CB1920D7BE0048D06A /* RedBullet.m */ = {isa = PBXFileReference; fileEncoding = 4; lastKnownFileType = sourcecode.c.objc; path = RedBullet.m; sourceTree = "<group>"; };
		D82CC8CC1920D7BE0048D06A /* VioletBullet.h */ = {isa = PBXFileReference; fileEncoding = 4; lastKnownFileType = sourcecode.c.h; path = VioletBullet.h; sourceTree = "<group>"; };
		D82CC8CD1920D7BE0048D06A /* VioletBullet.m */ = {isa = PBXFileReference; fileEncoding = 4; lastKnownFileType = sourcecode.c.objc; path = VioletBullet.m; sourceTree = "<group>"; };
		D82CC8CE1920D7BE0048D06A /* YellowBullet.h */ = {isa = PBXFileReference; fileEncoding = 4; lastKnownFileType = sourcecode.c.h; path = YellowBullet.h; sourceTree = "<group>"; };
		D82CC8CF1920D7BE0048D06A /* YellowBullet.m */ = {isa = PBXFileReference; fileEncoding = 4; lastKnownFileType = sourcecode.c.objc; path = YellowBullet.m; sourceTree = "<group>"; };
		D82CC8D01920D7BE0048D06A /* BlueBullet.h */ = {isa = PBXFileReference; fileEncoding = 4; lastKnownFileType = sourcecode.c.h; path = BlueBullet.h; sourceTree = "<group>"; };
		D82CC8D11920D7BE0048D06A /* BlueBullet.m */ = {isa = PBXFileReference; fileEncoding = 4; lastKnownFileType = sourcecode.c.objc; path = BlueBullet.m; sourceTree = "<group>"; };
		D8665D031920DD780016A2DE /* BlueBush.h */ = {isa = PBXFileReference; fileEncoding = 4; lastKnownFileType = sourcecode.c.h; path = BlueBush.h; sourceTree = "<group>"; };
		D8665D041920DD780016A2DE /* BlueBush.m */ = {isa = PBXFileReference; fileEncoding = 4; lastKnownFileType = sourcecode.c.objc; path = BlueBush.m; sourceTree = "<group>"; };
		D8665D061920DD830016A2DE /* GreenBush.h */ = {isa = PBXFileReference; fileEncoding = 4; lastKnownFileType = sourcecode.c.h; path = GreenBush.h; sourceTree = "<group>"; };
		D8665D071920DD830016A2DE /* GreenBush.m */ = {isa = PBXFileReference; fileEncoding = 4; lastKnownFileType = sourcecode.c.objc; path = GreenBush.m; sourceTree = "<group>"; };
		D8665D091920DD8A0016A2DE /* RedBush.h */ = {isa = PBXFileReference; fileEncoding = 4; lastKnownFileType = sourcecode.c.h; path = RedBush.h; sourceTree = "<group>"; };
		D8665D0A1920DD8A0016A2DE /* RedBush.m */ = {isa = PBXFileReference; fileEncoding = 4; lastKnownFileType = sourcecode.c.objc; path = RedBush.m; sourceTree = "<group>"; };
		D8665D0C1920DD940016A2DE /* YellowBush.h */ = {isa = PBXFileReference; fileEncoding = 4; lastKnownFileType = sourcecode.c.h; path = YellowBush.h; sourceTree = "<group>"; };
		D8665D0D1920DD940016A2DE /* YellowBush.m */ = {isa = PBXFileReference; fileEncoding = 4; lastKnownFileType = sourcecode.c.objc; path = YellowBush.m; sourceTree = "<group>"; };
		D8665D0F1920DD9D0016A2DE /* VioletBush.h */ = {isa = PBXFileReference; fileEncoding = 4; lastKnownFileType = sourcecode.c.h; path = VioletBush.h; sourceTree = "<group>"; };
		D8665D101920DD9D0016A2DE /* VioletBush.m */ = {isa = PBXFileReference; fileEncoding = 4; lastKnownFileType = sourcecode.c.objc; path = VioletBush.m; sourceTree = "<group>"; };
		D8665D121920DDA40016A2DE /* OrangeBush.h */ = {isa = PBXFileReference; fileEncoding = 4; lastKnownFileType = sourcecode.c.h; path = OrangeBush.h; sourceTree = "<group>"; };
		D8665D131920DDA40016A2DE /* OrangeBush.m */ = {isa = PBXFileReference; fileEncoding = 4; lastKnownFileType = sourcecode.c.objc; path = OrangeBush.m; sourceTree = "<group>"; };
		D893C4B119213A48003D8DCD /* GameStartScene.h */ = {isa = PBXFileReference; fileEncoding = 4; lastKnownFileType = sourcecode.c.h; path = GameStartScene.h; sourceTree = "<group>"; };
		D893C4B219213A48003D8DCD /* GameStartScene.m */ = {isa = PBXFileReference; fileEncoding = 4; lastKnownFileType = sourcecode.c.objc; path = GameStartScene.m; sourceTree = "<group>"; };
		D893C4B519213A70003D8DCD /* GameOverScene.h */ = {isa = PBXFileReference; fileEncoding = 4; lastKnownFileType = sourcecode.c.h; path = GameOverScene.h; sourceTree = "<group>"; };
		D893C4B619213A70003D8DCD /* GameOverScene.m */ = {isa = PBXFileReference; fileEncoding = 4; lastKnownFileType = sourcecode.c.objc; path = GameOverScene.m; sourceTree = "<group>"; };
		D893C4B819213DED003D8DCD /* SharedObject.h */ = {isa = PBXFileReference; fileEncoding = 4; lastKnownFileType = sourcecode.c.h; path = SharedObject.h; sourceTree = "<group>"; };
		D893C4B919213DED003D8DCD /* SharedObject.m */ = {isa = PBXFileReference; fileEncoding = 4; lastKnownFileType = sourcecode.c.objc; path = SharedObject.m; sourceTree = "<group>"; };
		D893C4BB19213FB4003D8DCD /* GameMenuScene.h */ = {isa = PBXFileReference; fileEncoding = 4; lastKnownFileType = sourcecode.c.h; path = GameMenuScene.h; sourceTree = "<group>"; };
		D893C4BC19213FB4003D8DCD /* GameMenuScene.m */ = {isa = PBXFileReference; fileEncoding = 4; lastKnownFileType = sourcecode.c.objc; path = GameMenuScene.m; sourceTree = "<group>"; };
		D893C4BF192140E8003D8DCD /* MyiAd.h */ = {isa = PBXFileReference; fileEncoding = 4; lastKnownFileType = sourcecode.c.h; path = MyiAd.h; sourceTree = "<group>"; };
		D893C4C0192140E8003D8DCD /* MyiAd.m */ = {isa = PBXFileReference; fileEncoding = 4; lastKnownFileType = sourcecode.c.objc; path = MyiAd.m; sourceTree = "<group>"; };
		D893C4C1192140E8003D8DCD /* MyGAd.h */ = {isa = PBXFileReference; fileEncoding = 4; lastKnownFileType = sourcecode.c.h; path = MyGAd.h; sourceTree = "<group>"; };
		D893C4C2192140E8003D8DCD /* MyGAd.m */ = {isa = PBXFileReference; fileEncoding = 4; lastKnownFileType = sourcecode.c.objc; path = MyGAd.m; sourceTree = "<group>"; };
		D893C4C3192140E8003D8DCD /* GCHelper.h */ = {isa = PBXFileReference; fileEncoding = 4; lastKnownFileType = sourcecode.c.h; path = GCHelper.h; sourceTree = "<group>"; };
		D893C4C4192140E8003D8DCD /* GCHelper.m */ = {isa = PBXFileReference; fileEncoding = 4; lastKnownFileType = sourcecode.c.objc; path = GCHelper.m; sourceTree = "<group>"; };
		D893C4C5192140E8003D8DCD /* IAPHelper.h */ = {isa = PBXFileReference; fileEncoding = 4; lastKnownFileType = sourcecode.c.h; path = IAPHelper.h; sourceTree = "<group>"; };
		D893C4C6192140E8003D8DCD /* IAPHelper.m */ = {isa = PBXFileReference; fileEncoding = 4; lastKnownFileType = sourcecode.c.objc; path = IAPHelper.m; sourceTree = "<group>"; };
		D893C4C7192140E8003D8DCD /* IAPTableViewController.h */ = {isa = PBXFileReference; fileEncoding = 4; lastKnownFileType = sourcecode.c.h; path = IAPTableViewController.h; sourceTree = "<group>"; };
		D893C4C8192140E8003D8DCD /* IAPTableViewController.m */ = {isa = PBXFileReference; fileEncoding = 4; lastKnownFileType = sourcecode.c.objc; path = IAPTableViewController.m; sourceTree = "<group>"; };
		D893C4CE1921410D003D8DCD /* AppInfo.h */ = {isa = PBXFileReference; lastKnownFileType = sourcecode.c.h; path = AppInfo.h; sourceTree = "<group>"; };
		D893C4D019214134003D8DCD /* GADAdMobExtras.h */ = {isa = PBXFileReference; fileEncoding = 4; lastKnownFileType = sourcecode.c.h; path = GADAdMobExtras.h; sourceTree = "<group>"; };
		D893C4D119214134003D8DCD /* GADAdNetworkExtras.h */ = {isa = PBXFileReference; fileEncoding = 4; lastKnownFileType = sourcecode.c.h; path = GADAdNetworkExtras.h; sourceTree = "<group>"; };
		D893C4D219214134003D8DCD /* GADAdSize.h */ = {isa = PBXFileReference; fileEncoding = 4; lastKnownFileType = sourcecode.c.h; path = GADAdSize.h; sourceTree = "<group>"; };
		D893C4D319214134003D8DCD /* GADBannerView.h */ = {isa = PBXFileReference; fileEncoding = 4; lastKnownFileType = sourcecode.c.h; path = GADBannerView.h; sourceTree = "<group>"; };
		D893C4D419214134003D8DCD /* GADBannerViewDelegate.h */ = {isa = PBXFileReference; fileEncoding = 4; lastKnownFileType = sourcecode.c.h; path = GADBannerViewDelegate.h; sourceTree = "<group>"; };
		D893C4D519214134003D8DCD /* GADInAppPurchase.h */ = {isa = PBXFileReference; fileEncoding = 4; lastKnownFileType = sourcecode.c.h; path = GADInAppPurchase.h; sourceTree = "<group>"; };
		D893C4D619214134003D8DCD /* GADInAppPurchaseDelegate.h */ = {isa = PBXFileReference; fileEncoding = 4; lastKnownFileType = sourcecode.c.h; path = GADInAppPurchaseDelegate.h; sourceTree = "<group>"; };
		D893C4D719214134003D8DCD /* GADInterstitial.h */ = {isa = PBXFileReference; fileEncoding = 4; lastKnownFileType = sourcecode.c.h; path = GADInterstitial.h; sourceTree = "<group>"; };
		D893C4D819214134003D8DCD /* GADInterstitialDelegate.h */ = {isa = PBXFileReference; fileEncoding = 4; lastKnownFileType = sourcecode.c.h; path = GADInterstitialDelegate.h; sourceTree = "<group>"; };
		D893C4D919214134003D8DCD /* GADModules.h */ = {isa = PBXFileReference; fileEncoding = 4; lastKnownFileType = sourcecode.c.h; path = GADModules.h; sourceTree = "<group>"; };
		D893C4DA19214134003D8DCD /* GADRequest.h */ = {isa = PBXFileReference; fileEncoding = 4; lastKnownFileType = sourcecode.c.h; path = GADRequest.h; sourceTree = "<group>"; };
		D893C4DB19214134003D8DCD /* GADRequestError.h */ = {isa = PBXFileReference; fileEncoding = 4; lastKnownFileType = sourcecode.c.h; path = GADRequestError.h; sourceTree = "<group>"; };
		D893C4DC19214134003D8DCD /* libGoogleAdMobAds.a */ = {isa = PBXFileReference; lastKnownFileType = archive.ar; path = libGoogleAdMobAds.a; sourceTree = "<group>"; };
		D893C4DD19214134003D8DCD /* README.txt */ = {isa = PBXFileReference; fileEncoding = 4; lastKnownFileType = text; path = README.txt; sourceTree = "<group>"; };
		D893C4E01921421A003D8DCD /* SystemConfiguration.framework */ = {isa = PBXFileReference; lastKnownFileType = wrapper.framework; name = SystemConfiguration.framework; path = System/Library/Frameworks/SystemConfiguration.framework; sourceTree = SDKROOT; };
		D893C4E219214220003D8DCD /* StoreKit.framework */ = {isa = PBXFileReference; lastKnownFileType = wrapper.framework; name = StoreKit.framework; path = System/Library/Frameworks/StoreKit.framework; sourceTree = SDKROOT; };
		D893C4E419214228003D8DCD /* MessageUI.framework */ = {isa = PBXFileReference; lastKnownFileType = wrapper.framework; name = MessageUI.framework; path = System/Library/Frameworks/MessageUI.framework; sourceTree = SDKROOT; };
		D893C4E61921422E003D8DCD /* CoreTelephony.framework */ = {isa = PBXFileReference; lastKnownFileType = wrapper.framework; name = CoreTelephony.framework; path = System/Library/Frameworks/CoreTelephony.framework; sourceTree = SDKROOT; };
		D893C4E81921423F003D8DCD /* AdSupport.framework */ = {isa = PBXFileReference; lastKnownFileType = wrapper.framework; name = AdSupport.framework; path = System/Library/Frameworks/AdSupport.framework; sourceTree = SDKROOT; };
		D893C4EA19214245003D8DCD /* Social.framework */ = {isa = PBXFileReference; lastKnownFileType = wrapper.framework; name = Social.framework; path = System/Library/Frameworks/Social.framework; sourceTree = SDKROOT; };
		D893C4EC1921424B003D8DCD /* iAd.framework */ = {isa = PBXFileReference; lastKnownFileType = wrapper.framework; name = iAd.framework; path = System/Library/Frameworks/iAd.framework; sourceTree = SDKROOT; };
		D893C4EE19214254003D8DCD /* GameKit.framework */ = {isa = PBXFileReference; lastKnownFileType = wrapper.framework; name = GameKit.framework; path = System/Library/Frameworks/GameKit.framework; sourceTree = SDKROOT; };
		D893C4F01921425A003D8DCD /* CFNetwork.framework */ = {isa = PBXFileReference; lastKnownFileType = wrapper.framework; name = CFNetwork.framework; path = System/Library/Frameworks/CFNetwork.framework; sourceTree = SDKROOT; };
		D893C4F4192156F0003D8DCD /* lasershoot.caf */ = {isa = PBXFileReference; lastKnownFileType = file; name = lasershoot.caf; path = "Source/Resources/Published-iOS/Misc/Sounds/lasershoot.caf"; sourceTree = "<group>"; };
		D893C4F5192156F0003D8DCD /* ploop.caf */ = {isa = PBXFileReference; lastKnownFileType = file; name = ploop.caf; path = "Source/Resources/Published-iOS/Misc/Sounds/ploop.caf"; sourceTree = "<group>"; };
		D893C4F6192156F0003D8DCD /* pop.caf */ = {isa = PBXFileReference; lastKnownFileType = file; name = pop.caf; path = "Source/Resources/Published-iOS/Misc/Sounds/pop.caf"; sourceTree = "<group>"; };
		D893C4F7192156F0003D8DCD /* PopRight.caf */ = {isa = PBXFileReference; lastKnownFileType = file; name = PopRight.caf; path = "Source/Resources/Published-iOS/Misc/Sounds/PopRight.caf"; sourceTree = "<group>"; };
		D893C4F8192156F0003D8DCD /* thump.caf */ = {isa = PBXFileReference; lastKnownFileType = file; name = thump.caf; path = "Source/Resources/Published-iOS/Misc/Sounds/thump.caf"; sourceTree = "<group>"; };
		D893C4F9192156F0003D8DCD /* Ting.caf */ = {isa = PBXFileReference; lastKnownFileType = file; name = Ting.caf; path = "Source/Resources/Published-iOS/Misc/Sounds/Ting.caf"; sourceTree = "<group>"; };
		D893C4FA192156F0003D8DCD /* uhoh.caf */ = {isa = PBXFileReference; lastKnownFileType = file; name = uhoh.caf; path = "Source/Resources/Published-iOS/Misc/Sounds/uhoh.caf"; sourceTree = "<group>"; };
		D893C502192157BC003D8DCD /* ballshot.caf */ = {isa = PBXFileReference; lastKnownFileType = file; name = ballshot.caf; path = "Source/Resources/Published-iOS/Misc/Sounds/ballshot.caf"; sourceTree = "<group>"; };
		D893C506192160D6003D8DCD /* AppiraterDelegate.h */ = {isa = PBXFileReference; fileEncoding = 4; lastKnownFileType = sourcecode.c.h; path = AppiraterDelegate.h; sourceTree = "<group>"; };
		D893C507192160D6003D8DCD /* Appirater.h */ = {isa = PBXFileReference; fileEncoding = 4; lastKnownFileType = sourcecode.c.h; path = Appirater.h; sourceTree = "<group>"; };
		D893C508192160D6003D8DCD /* Appirater.m */ = {isa = PBXFileReference; fileEncoding = 4; lastKnownFileType = sourcecode.c.objc; path = Appirater.m; sourceTree = "<group>"; };
		D893C50E1921680C003D8DCD /* ColorShooterIAPHelper.h */ = {isa = PBXFileReference; fileEncoding = 4; lastKnownFileType = sourcecode.c.h; path = ColorShooterIAPHelper.h; sourceTree = "<group>"; };
		D893C50F1921680C003D8DCD /* ColorShooterIAPHelper.m */ = {isa = PBXFileReference; fileEncoding = 4; lastKnownFileType = sourcecode.c.objc; path = ColorShooterIAPHelper.m; sourceTree = "<group>"; };
		D89F82E8192193D700DC58C5 /* Images.xcassets */ = {isa = PBXFileReference; lastKnownFileType = folder.assetcatalog; name = Images.xcassets; path = ColorShooter1/Images.xcassets; sourceTree = SOURCE_ROOT; };
		D89F82EB192193F200DC58C5 /* 114x114.png */ = {isa = PBXFileReference; lastKnownFileType = image.png; path = 114x114.png; sourceTree = "<group>"; };
		D89F82EC192193F200DC58C5 /* 120x120.png */ = {isa = PBXFileReference; lastKnownFileType = image.png; path = 120x120.png; sourceTree = "<group>"; };
		D89F82ED192193F200DC58C5 /* 152x152.png */ = {isa = PBXFileReference; lastKnownFileType = image.png; path = 152x152.png; sourceTree = "<group>"; };
		D89F82EE192193F200DC58C5 /* 29x29.png */ = {isa = PBXFileReference; lastKnownFileType = image.png; path = 29x29.png; sourceTree = "<group>"; };
		D89F82EF192193F200DC58C5 /* 57x57.png */ = {isa = PBXFileReference; lastKnownFileType = image.png; path = 57x57.png; sourceTree = "<group>"; };
		D89F82F0192193F200DC58C5 /* 58x58.png */ = {isa = PBXFileReference; lastKnownFileType = image.png; path = 58x58.png; sourceTree = "<group>"; };
		D89F82F1192193F200DC58C5 /* 72x72.png */ = {isa = PBXFileReference; lastKnownFileType = image.png; path = 72x72.png; sourceTree = "<group>"; };
		D89F82F2192193F200DC58C5 /* 76x76.png */ = {isa = PBXFileReference; lastKnownFileType = image.png; path = 76x76.png; sourceTree = "<group>"; };
		D89F82FB192194C000DC58C5 /* Default-568h@2x.png */ = {isa = PBXFileReference; lastKnownFileType = image.png; path = "Default-568h@2x.png"; sourceTree = "<group>"; };
		D89F82FC192194C000DC58C5 /* Default-Landscape~iPad-1.png */ = {isa = PBXFileReference; lastKnownFileType = image.png; path = "Default-Landscape~iPad-1.png"; sourceTree = "<group>"; };
		D89F82FD192194C000DC58C5 /* Default-Landscape~iPad.png */ = {isa = PBXFileReference; lastKnownFileType = image.png; path = "Default-Landscape~iPad.png"; sourceTree = "<group>"; };
		D89F82FF192194C000DC58C5 /* Default-Landscape~iPad@2x-1.png */ = {isa = PBXFileReference; lastKnownFileType = image.png; path = "Default-Landscape~iPad@2x-1.png"; sourceTree = "<group>"; };
		D89F8300192194C000DC58C5 /* Default-Landscape~iPad@2x.png */ = {isa = PBXFileReference; lastKnownFileType = image.png; path = "Default-Landscape~iPad@2x.png"; sourceTree = "<group>"; };
		D89F8301192194C000DC58C5 /* Default.png */ = {isa = PBXFileReference; lastKnownFileType = image.png; path = Default.png; sourceTree = "<group>"; };
		D89F8302192194C000DC58C5 /* Default@2x.png */ = {isa = PBXFileReference; lastKnownFileType = image.png; path = "Default@2x.png"; sourceTree = "<group>"; };
		D89F830B19219B8100DC58C5 /* NoDear.caf */ = {isa = PBXFileReference; lastKnownFileType = file; name = NoDear.caf; path = "Source/Resources/Published-iOS/Misc/Sounds/NoDear.caf"; sourceTree = "<group>"; };
/* End PBXFileReference section */

/* Begin PBXFrameworksBuildPhase section */
		B77F1B2B17B978D7009739AE /* Frameworks */ = {
			isa = PBXFrameworksBuildPhase;
			buildActionMask = 2147483647;
			files = (
				B77F1B4217B978D7009739AE /* CoreText.framework in Frameworks */,
				D893C4F11921425A003D8DCD /* CFNetwork.framework in Frameworks */,
				D893C4EF19214254003D8DCD /* GameKit.framework in Frameworks */,
				D893C4ED1921424B003D8DCD /* iAd.framework in Frameworks */,
				D893C4EB19214245003D8DCD /* Social.framework in Frameworks */,
				D893C4E91921423F003D8DCD /* AdSupport.framework in Frameworks */,
				B77F1B3817B978D7009739AE /* AudioToolbox.framework in Frameworks */,
				D893C4E71921422E003D8DCD /* CoreTelephony.framework in Frameworks */,
				D893C4E519214228003D8DCD /* MessageUI.framework in Frameworks */,
				D893C4E319214220003D8DCD /* StoreKit.framework in Frameworks */,
				D893C4E11921421A003D8DCD /* SystemConfiguration.framework in Frameworks */,
				8392007A18EE8E3300B6C429 /* GLKit.framework in Frameworks */,
				B737898A1807642B0076A88C /* libcocos2d.a in Frameworks */,
				B77F1B3217B978D7009739AE /* QuartzCore.framework in Frameworks */,
				B77F1B3417B978D7009739AE /* OpenGLES.framework in Frameworks */,
				B77F1B3617B978D7009739AE /* OpenAL.framework in Frameworks */,
				D893C4DE19214134003D8DCD /* libGoogleAdMobAds.a in Frameworks */,
				B77F1B3A17B978D7009739AE /* AVFoundation.framework in Frameworks */,
				B77F1B3C17B978D7009739AE /* UIKit.framework in Frameworks */,
				B77F1B3E17B978D7009739AE /* Foundation.framework in Frameworks */,
				B77F1B4017B978D7009739AE /* CoreGraphics.framework in Frameworks */,
			);
			runOnlyForDeploymentPostprocessing = 0;
		};
/* End PBXFrameworksBuildPhase section */

/* Begin PBXGroup section */
		9222E2B918734FF800A246C7 /* libs */ = {
			isa = PBXGroup;
			children = (
				B7378940180761A80076A88C /* cocos2d-ios.xcodeproj */,
			);
			name = libs;
			sourceTree = "<group>";
		};
		B737893C1807616C0076A88C /* Source */ = {
			isa = PBXGroup;
			children = (
				D893C4F4192156F0003D8DCD /* lasershoot.caf */,
				D893C4F5192156F0003D8DCD /* ploop.caf */,
				D89F830B19219B8100DC58C5 /* NoDear.caf */,
				D893C4F6192156F0003D8DCD /* pop.caf */,
				D893C4F7192156F0003D8DCD /* PopRight.caf */,
				D893C4F8192156F0003D8DCD /* thump.caf */,
				D893C502192157BC003D8DCD /* ballshot.caf */,
				D893C4F9192156F0003D8DCD /* Ting.caf */,
				D893C4FA192156F0003D8DCD /* uhoh.caf */,
				D893C4CF19214125003D8DCD /* GAd */,
				D893C4BE192140D0003D8DCD /* Helper */,
				D8665D011920DD650016A2DE /* Bush */,
				D82CC8B31920D7AC0048D06A /* Bullet */,
				D82CC8B11920D7A50048D06A /* Ball */,
				B737893D1807617C0076A88C /* AppDelegate.h */,
				B737893E1807617C0076A88C /* AppDelegate.m */,
				D893C4BB19213FB4003D8DCD /* GameMenuScene.h */,
				D893C4BC19213FB4003D8DCD /* GameMenuScene.m */,
				D893C4B119213A48003D8DCD /* GameStartScene.h */,
				D893C4B219213A48003D8DCD /* GameStartScene.m */,
				B7378992180767190076A88C /* MainScene.h */,
				B7378993180767190076A88C /* MainScene.m */,
				D893C4B519213A70003D8DCD /* GameOverScene.h */,
				D893C4B619213A70003D8DCD /* GameOverScene.m */,
				D893C4B819213DED003D8DCD /* SharedObject.h */,
				D893C4B919213DED003D8DCD /* SharedObject.m */,
			);
			name = Source;
			sourceTree = "<group>";
		};
		B7378941180761A80076A88C /* Products */ = {
			isa = PBXGroup;
			children = (
				B737894B180761A90076A88C /* libcocos2d.a */,
			);
			name = Products;
			sourceTree = "<group>";
		};
		B73789911807667A0076A88C /* Icons */ = {
			isa = PBXGroup;
			children = (
				B71F5907188484E7003F4D28 /* iPad-old.png */,
				B71F5908188484E7003F4D28 /* iPad-old@2x.png */,
				B71F5909188484E7003F4D28 /* iPad.png */,
				B71F590A188484E7003F4D28 /* iPad@2x.png */,
				B71F590B188484E7003F4D28 /* iPhone-old.png */,
				B71F590C188484E7003F4D28 /* iPhone-old@2x.png */,
				B71F590D188484E7003F4D28 /* iPhone.png */,
				B71F590E188484E7003F4D28 /* iPhone@2x.png */,
				B71F590F188484E7003F4D28 /* Settings.png */,
				B71F5910188484E7003F4D28 /* Settings@2x.png */,
			);
			name = Icons;
			sourceTree = "<group>";
		};
		B77F1B2517B978D7009739AE = {
			isa = PBXGroup;
			children = (
				D89F82EA192193F200DC58C5 /* icon */,
				B737893C1807616C0076A88C /* Source */,
				B77F1B4617B978D7009739AE /* Resources */,
				9222E2B918734FF800A246C7 /* libs */,
				B77F1CCF17B978D8009739AE /* Supporting Files */,
				B77F1B3017B978D7009739AE /* Frameworks */,
				B77F1B2F17B978D7009739AE /* Products */,
			);
			sourceTree = "<group>";
		};
		B77F1B2F17B978D7009739AE /* Products */ = {
			isa = PBXGroup;
			children = (
				B77F1B2E17B978D7009739AE /* Color Shooter.app */,
			);
			name = Products;
			sourceTree = "<group>";
		};
		B77F1B3017B978D7009739AE /* Frameworks */ = {
			isa = PBXGroup;
			children = (
				D893C4F01921425A003D8DCD /* CFNetwork.framework */,
				D893C4EE19214254003D8DCD /* GameKit.framework */,
				D893C4EC1921424B003D8DCD /* iAd.framework */,
				D893C4EA19214245003D8DCD /* Social.framework */,
				D893C4E81921423F003D8DCD /* AdSupport.framework */,
				D893C4E61921422E003D8DCD /* CoreTelephony.framework */,
				D893C4E419214228003D8DCD /* MessageUI.framework */,
				D893C4E219214220003D8DCD /* StoreKit.framework */,
				D893C4E01921421A003D8DCD /* SystemConfiguration.framework */,
				8392007918EE8E3300B6C429 /* GLKit.framework */,
				B7B3713D180358F1007369CC /* libObjectiveChipmunk.a */,
				B77F1B3117B978D7009739AE /* QuartzCore.framework */,
				B77F1B3317B978D7009739AE /* OpenGLES.framework */,
				B77F1B3517B978D7009739AE /* OpenAL.framework */,
				B77F1B3717B978D7009739AE /* AudioToolbox.framework */,
				B77F1B3917B978D7009739AE /* AVFoundation.framework */,
				B77F1B3B17B978D7009739AE /* UIKit.framework */,
				B77F1B3D17B978D7009739AE /* Foundation.framework */,
				B77F1B3F17B978D7009739AE /* CoreGraphics.framework */,
				B77F1B4117B978D7009739AE /* CoreText.framework */,
			);
			name = Frameworks;
			sourceTree = "<group>";
		};
		B77F1B4617B978D7009739AE /* Resources */ = {
			isa = PBXGroup;
			children = (
				D89F82E8192193D700DC58C5 /* Images.xcassets */,
				B73789911807667A0076A88C /* Icons */,
				B737893A180761570076A88C /* Published-iOS */,
			);
			name = Resources;
			path = Source/Resources;
			sourceTree = "<group>";
		};
		B77F1CCF17B978D8009739AE /* Supporting Files */ = {
			isa = PBXGroup;
			children = (
				B73789851807631A0076A88C /* main.m */,
				B73789861807631A0076A88C /* Prefix.pch */,
			);
			name = "Supporting Files";
			sourceTree = "<group>";
		};
		D82CC8B11920D7A50048D06A /* Ball */ = {
			isa = PBXGroup;
			children = (
				D82CC8B41920D7B80048D06A /* BlueBall.h */,
				D82CC8B51920D7B80048D06A /* BlueBall.m */,
				D82CC8B61920D7B80048D06A /* GreenBall.h */,
				D82CC8B71920D7B80048D06A /* GreenBall.m */,
				D82CC8B81920D7B80048D06A /* RedBall.h */,
				D82CC8B91920D7B80048D06A /* RedBall.m */,
				D82CC8BA1920D7B80048D06A /* VioletBall.h */,
				D82CC8BB1920D7B80048D06A /* VioletBall.m */,
				D82CC8BC1920D7B80048D06A /* YellowBall.h */,
				D82CC8BD1920D7B80048D06A /* YellowBall.m */,
				D82CC8BE1920D7B80048D06A /* OrangeBall.h */,
				D82CC8BF1920D7B80048D06A /* OrangeBall.m */,
			);
			name = Ball;
			sourceTree = "<group>";
		};
		D82CC8B31920D7AC0048D06A /* Bullet */ = {
			isa = PBXGroup;
			children = (
				D82CC8C61920D7BE0048D06A /* GreenBullet.h */,
				D82CC8C71920D7BE0048D06A /* GreenBullet.m */,
				D82CC8C81920D7BE0048D06A /* OrangeBullet.h */,
				D82CC8C91920D7BE0048D06A /* OrangeBullet.m */,
				D82CC8CA1920D7BE0048D06A /* RedBullet.h */,
				D82CC8CB1920D7BE0048D06A /* RedBullet.m */,
				D82CC8CC1920D7BE0048D06A /* VioletBullet.h */,
				D82CC8CD1920D7BE0048D06A /* VioletBullet.m */,
				D82CC8CE1920D7BE0048D06A /* YellowBullet.h */,
				D82CC8CF1920D7BE0048D06A /* YellowBullet.m */,
				D82CC8D01920D7BE0048D06A /* BlueBullet.h */,
				D82CC8D11920D7BE0048D06A /* BlueBullet.m */,
			);
			name = Bullet;
			sourceTree = "<group>";
		};
		D8665D011920DD650016A2DE /* Bush */ = {
			isa = PBXGroup;
			children = (
				D8665D031920DD780016A2DE /* BlueBush.h */,
				D8665D041920DD780016A2DE /* BlueBush.m */,
				D8665D061920DD830016A2DE /* GreenBush.h */,
				D8665D071920DD830016A2DE /* GreenBush.m */,
				D8665D091920DD8A0016A2DE /* RedBush.h */,
				D8665D0A1920DD8A0016A2DE /* RedBush.m */,
				D8665D0C1920DD940016A2DE /* YellowBush.h */,
				D8665D0D1920DD940016A2DE /* YellowBush.m */,
				D8665D0F1920DD9D0016A2DE /* VioletBush.h */,
				D8665D101920DD9D0016A2DE /* VioletBush.m */,
				D8665D121920DDA40016A2DE /* OrangeBush.h */,
				D8665D131920DDA40016A2DE /* OrangeBush.m */,
			);
			name = Bush;
			sourceTree = "<group>";
		};
		D893C4BE192140D0003D8DCD /* Helper */ = {
			isa = PBXGroup;
			children = (
				D893C506192160D6003D8DCD /* AppiraterDelegate.h */,
				D893C507192160D6003D8DCD /* Appirater.h */,
				D893C508192160D6003D8DCD /* Appirater.m */,
				D893C4CE1921410D003D8DCD /* AppInfo.h */,
				D893C4BF192140E8003D8DCD /* MyiAd.h */,
				D893C4C0192140E8003D8DCD /* MyiAd.m */,
				D893C4C1192140E8003D8DCD /* MyGAd.h */,
				D893C4C2192140E8003D8DCD /* MyGAd.m */,
				D893C4C3192140E8003D8DCD /* GCHelper.h */,
				D893C4C4192140E8003D8DCD /* GCHelper.m */,
				D893C4C5192140E8003D8DCD /* IAPHelper.h */,
				D893C4C6192140E8003D8DCD /* IAPHelper.m */,
				D893C4C7192140E8003D8DCD /* IAPTableViewController.h */,
				D893C4C8192140E8003D8DCD /* IAPTableViewController.m */,
				D893C50E1921680C003D8DCD /* ColorShooterIAPHelper.h */,
				D893C50F1921680C003D8DCD /* ColorShooterIAPHelper.m */,
			);
			name = Helper;
			sourceTree = "<group>";
		};
		D893C4CF19214125003D8DCD /* GAd */ = {
			isa = PBXGroup;
			children = (
				D893C4D019214134003D8DCD /* GADAdMobExtras.h */,
				D893C4D119214134003D8DCD /* GADAdNetworkExtras.h */,
				D893C4D219214134003D8DCD /* GADAdSize.h */,
				D893C4D319214134003D8DCD /* GADBannerView.h */,
				D893C4D419214134003D8DCD /* GADBannerViewDelegate.h */,
				D893C4D519214134003D8DCD /* GADInAppPurchase.h */,
				D893C4D619214134003D8DCD /* GADInAppPurchaseDelegate.h */,
				D893C4D719214134003D8DCD /* GADInterstitial.h */,
				D893C4D819214134003D8DCD /* GADInterstitialDelegate.h */,
				D893C4D919214134003D8DCD /* GADModules.h */,
				D893C4DA19214134003D8DCD /* GADRequest.h */,
				D893C4DB19214134003D8DCD /* GADRequestError.h */,
				D893C4DC19214134003D8DCD /* libGoogleAdMobAds.a */,
				D893C4DD19214134003D8DCD /* README.txt */,
			);
			name = GAd;
			sourceTree = "<group>";
		};
		D89F82EA192193F200DC58C5 /* icon */ = {
			isa = PBXGroup;
			children = (
				D89F82FB192194C000DC58C5 /* Default-568h@2x.png */,
				D89F82FC192194C000DC58C5 /* Default-Landscape~iPad-1.png */,
				D89F82FD192194C000DC58C5 /* Default-Landscape~iPad.png */,
				D89F82FF192194C000DC58C5 /* Default-Landscape~iPad@2x-1.png */,
				D89F8300192194C000DC58C5 /* Default-Landscape~iPad@2x.png */,
				D89F8301192194C000DC58C5 /* Default.png */,
				D89F8302192194C000DC58C5 /* Default@2x.png */,
				D89F82EB192193F200DC58C5 /* 114x114.png */,
				D89F82EC192193F200DC58C5 /* 120x120.png */,
				D89F82ED192193F200DC58C5 /* 152x152.png */,
				D89F82EE192193F200DC58C5 /* 29x29.png */,
				D89F82EF192193F200DC58C5 /* 57x57.png */,
				D89F82F0192193F200DC58C5 /* 58x58.png */,
				D89F82F1192193F200DC58C5 /* 72x72.png */,
				D89F82F2192193F200DC58C5 /* 76x76.png */,
			);
			name = icon;
			path = "SpriteBuilder Resources/Misc/icon";
			sourceTree = "<group>";
		};
/* End PBXGroup section */

/* Begin PBXNativeTarget section */
		B77F1B2D17B978D7009739AE /* ColorShooter1 */ = {
			isa = PBXNativeTarget;
			buildConfigurationList = B77F1CDE17B978D8009739AE /* Build configuration list for PBXNativeTarget "ColorShooter1" */;
			buildPhases = (
				D2E0167A18D782EC00927430 /* Run Script */,
				B77F1B2A17B978D7009739AE /* Sources */,
				B77F1B2B17B978D7009739AE /* Frameworks */,
				B77F1B2C17B978D7009739AE /* Resources */,
			);
			buildRules = (
			);
			dependencies = (
				B7378989180764180076A88C /* PBXTargetDependency */,
			);
			name = ColorShooter1;
			productName = Example;
			productReference = B77F1B2E17B978D7009739AE /* Color Shooter.app */;
			productType = "com.apple.product-type.application";
		};
/* End PBXNativeTarget section */

/* Begin PBXProject section */
		B77F1B2617B978D7009739AE /* Project object */ = {
			isa = PBXProject;
			attributes = {
				LastUpgradeCheck = 0460;
				ORGANIZATIONNAME = Apportable;
				TargetAttributes = {
					B77F1B2D17B978D7009739AE = {
						DevelopmentTeam = YE6VZLYG54;
						SystemCapabilities = {
							com.apple.GameCenter = {
								enabled = 0;
							};
						};
					};
				};
			};
			buildConfigurationList = B77F1B2917B978D7009739AE /* Build configuration list for PBXProject "ColorShooter1" */;
			compatibilityVersion = "Xcode 3.2";
			developmentRegion = English;
			hasScannedForEncodings = 0;
			knownRegions = (
				en,
			);
			mainGroup = B77F1B2517B978D7009739AE;
			productRefGroup = B77F1B2F17B978D7009739AE /* Products */;
			projectDirPath = "";
			projectReferences = (
				{
					ProductGroup = B7378941180761A80076A88C /* Products */;
					ProjectRef = B7378940180761A80076A88C /* cocos2d-ios.xcodeproj */;
				},
			);
			projectRoot = "";
			targets = (
				B77F1B2D17B978D7009739AE /* ColorShooter1 */,
			);
		};
/* End PBXProject section */

/* Begin PBXReferenceProxy section */
		B737894B180761A90076A88C /* libcocos2d.a */ = {
			isa = PBXReferenceProxy;
			fileType = archive.ar;
			path = libcocos2d.a;
			remoteRef = B737894A180761A90076A88C /* PBXContainerItemProxy */;
			sourceTree = BUILT_PRODUCTS_DIR;
		};
/* End PBXReferenceProxy section */

/* Begin PBXResourcesBuildPhase section */
		B77F1B2C17B978D7009739AE /* Resources */ = {
			isa = PBXResourcesBuildPhase;
			buildActionMask = 2147483647;
			files = (
				D89F82F3192193F200DC58C5 /* 114x114.png in Resources */,
				B71F5919188484E7003F4D28 /* Settings.png in Resources */,
				D89F82E9192193D700DC58C5 /* Images.xcassets in Resources */,
				D89F82F7192193F200DC58C5 /* 57x57.png in Resources */,
				D89F830C19219B8100DC58C5 /* NoDear.caf in Resources */,
				B71F5914188484E7003F4D28 /* iPad@2x.png in Resources */,
				D89F8305192194C000DC58C5 /* Default-Landscape~iPad.png in Resources */,
				D89F82F9192193F200DC58C5 /* 72x72.png in Resources */,
				B71F5913188484E7003F4D28 /* iPad.png in Resources */,
				B71F5912188484E7003F4D28 /* iPad-old@2x.png in Resources */,
				D89F830A192194C000DC58C5 /* Default@2x.png in Resources */,
				D89F8304192194C000DC58C5 /* Default-Landscape~iPad-1.png in Resources */,
				D893C4FE192156F0003D8DCD /* PopRight.caf in Resources */,
				D893C4FC192156F0003D8DCD /* ploop.caf in Resources */,
				B71F5916188484E7003F4D28 /* iPhone-old@2x.png in Resources */,
				D893C4FF192156F0003D8DCD /* thump.caf in Resources */,
				D893C4DF19214134003D8DCD /* README.txt in Resources */,
				D89F8307192194C000DC58C5 /* Default-Landscape~iPad@2x-1.png in Resources */,
				D89F82F6192193F200DC58C5 /* 29x29.png in Resources */,
				D89F8309192194C000DC58C5 /* Default.png in Resources */,
				D893C500192156F0003D8DCD /* Ting.caf in Resources */,
				B737893B180761570076A88C /* Published-iOS in Resources */,
				D89F82F5192193F200DC58C5 /* 152x152.png in Resources */,
				D89F82F8192193F200DC58C5 /* 58x58.png in Resources */,
				B71F591A188484E7003F4D28 /* Settings@2x.png in Resources */,
				D893C501192156F0003D8DCD /* uhoh.caf in Resources */,
				B71F5915188484E7003F4D28 /* iPhone-old.png in Resources */,
				D893C4FB192156F0003D8DCD /* lasershoot.caf in Resources */,
				D89F82F4192193F200DC58C5 /* 120x120.png in Resources */,
				D89F8303192194C000DC58C5 /* Default-568h@2x.png in Resources */,
				B71F5917188484E7003F4D28 /* iPhone.png in Resources */,
				D893C503192157BC003D8DCD /* ballshot.caf in Resources */,
				D89F8308192194C000DC58C5 /* Default-Landscape~iPad@2x.png in Resources */,
				B71F5918188484E7003F4D28 /* iPhone@2x.png in Resources */,
				D89F82FA192193F200DC58C5 /* 76x76.png in Resources */,
				B71F5911188484E7003F4D28 /* iPad-old.png in Resources */,
				D893C4FD192156F0003D8DCD /* pop.caf in Resources */,
			);
			runOnlyForDeploymentPostprocessing = 0;
		};
/* End PBXResourcesBuildPhase section */

/* Begin PBXShellScriptBuildPhase section */
		D2E0167A18D782EC00927430 /* Run Script */ = {
			isa = PBXShellScriptBuildPhase;
			buildActionMask = 2147483647;
			files = (
			);
			inputPaths = (
			);
			name = "Run Script";
			outputPaths = (
			);
			runOnlyForDeploymentPostprocessing = 0;
			shellPath = /bin/sh;
			shellScript = "osascript -e 'tell application \"System Events\"' -e 'set ProcessList to name of every process' -e 'if \"SpriteBuilder\" is in ProcessList then' -e 'tell application \"SpriteBuilder\" to publish' -e 'end if' -e 'end tell'";
		};
/* End PBXShellScriptBuildPhase section */

/* Begin PBXSourcesBuildPhase section */
		B77F1B2A17B978D7009739AE /* Sources */ = {
			isa = PBXSourcesBuildPhase;
			buildActionMask = 2147483647;
			files = (
				D893C4B719213A70003D8DCD /* GameOverScene.m in Sources */,
				D82CC8C51920D7B80048D06A /* OrangeBall.m in Sources */,
				D893C4BD19213FB4003D8DCD /* GameMenuScene.m in Sources */,
				D82CC8D71920D7BE0048D06A /* BlueBullet.m in Sources */,
				D82CC8C01920D7B80048D06A /* BlueBall.m in Sources */,
				D893C509192160D6003D8DCD /* Appirater.m in Sources */,
				D893C4CC192140E8003D8DCD /* IAPHelper.m in Sources */,
				D82CC8C31920D7B80048D06A /* VioletBall.m in Sources */,
				B737893F1807617C0076A88C /* AppDelegate.m in Sources */,
				D893C4B319213A48003D8DCD /* GameStartScene.m in Sources */,
				D893C4BA19213DED003D8DCD /* SharedObject.m in Sources */,
				D8665D081920DD830016A2DE /* GreenBush.m in Sources */,
				D82CC8C21920D7B80048D06A /* RedBall.m in Sources */,
				D82CC8D41920D7BE0048D06A /* RedBullet.m in Sources */,
				B7378994180767190076A88C /* MainScene.m in Sources */,
				D893C5101921680C003D8DCD /* ColorShooterIAPHelper.m in Sources */,
				D82CC8D61920D7BE0048D06A /* YellowBullet.m in Sources */,
				D82CC8D31920D7BE0048D06A /* OrangeBullet.m in Sources */,
				D893C4CB192140E8003D8DCD /* GCHelper.m in Sources */,
				D893C4CA192140E8003D8DCD /* MyGAd.m in Sources */,
				D8665D0E1920DD940016A2DE /* YellowBush.m in Sources */,
				D8665D111920DD9D0016A2DE /* VioletBush.m in Sources */,
				D82CC8C11920D7B80048D06A /* GreenBall.m in Sources */,
				D893C4C9192140E8003D8DCD /* MyiAd.m in Sources */,
				D82CC8D21920D7BE0048D06A /* GreenBullet.m in Sources */,
				D82CC8C41920D7B80048D06A /* YellowBall.m in Sources */,
				D893C4CD192140E8003D8DCD /* IAPTableViewController.m in Sources */,
				D82CC8D51920D7BE0048D06A /* VioletBullet.m in Sources */,
				B73789871807631A0076A88C /* main.m in Sources */,
				D8665D051920DD780016A2DE /* BlueBush.m in Sources */,
				D8665D0B1920DD8A0016A2DE /* RedBush.m in Sources */,
				D8665D141920DDA40016A2DE /* OrangeBush.m in Sources */,
			);
			runOnlyForDeploymentPostprocessing = 0;
		};
/* End PBXSourcesBuildPhase section */

/* Begin PBXTargetDependency section */
		B7378989180764180076A88C /* PBXTargetDependency */ = {
			isa = PBXTargetDependency;
			name = cocos2d;
			targetProxy = B7378988180764180076A88C /* PBXContainerItemProxy */;
		};
/* End PBXTargetDependency section */

/* Begin XCBuildConfiguration section */
		B77F1CDC17B978D8009739AE /* Debug */ = {
			isa = XCBuildConfiguration;
			buildSettings = {
				ARCHS = "$(ARCHS_STANDARD_32_BIT)";
				"CODE_SIGN_IDENTITY[sdk=iphoneos*]" = "iPhone Developer";
				GCC_C_LANGUAGE_STANDARD = gnu99;
				GCC_OPTIMIZATION_LEVEL = 0;
				GCC_PREPROCESSOR_DEFINITIONS = (
					DEBUG,
					"COCOS2D_DEBUG=1",
				);
				GCC_SYMBOLS_PRIVATE_EXTERN = NO;
				GCC_VERSION = com.apple.compilers.llvm.clang.1_0;
				GCC_WARN_ABOUT_RETURN_TYPE = YES;
				GCC_WARN_UNUSED_VARIABLE = YES;
				IPHONEOS_DEPLOYMENT_TARGET = 6.1;
				SDKROOT = iphoneos;
				TARGETED_DEVICE_FAMILY = "1,2";
			};
			name = Debug;
		};
		B77F1CDD17B978D8009739AE /* Release */ = {
			isa = XCBuildConfiguration;
			buildSettings = {
				ARCHS = "$(ARCHS_STANDARD_32_BIT)";
				"CODE_SIGN_IDENTITY[sdk=iphoneos*]" = "iPhone Developer";
				GCC_C_LANGUAGE_STANDARD = gnu99;
				GCC_PREPROCESSOR_DEFINITIONS = (
					NDEBUG,
					"NS_BLOCK_ASSERTIONS=1",
				);
				GCC_VERSION = com.apple.compilers.llvm.clang.1_0;
				GCC_WARN_ABOUT_RETURN_TYPE = YES;
				GCC_WARN_UNUSED_VARIABLE = YES;
				IPHONEOS_DEPLOYMENT_TARGET = 6.1;
				SDKROOT = iphoneos;
				TARGETED_DEVICE_FAMILY = "1,2";
			};
			name = Release;
		};
		B77F1CDF17B978D8009739AE /* Debug */ = {
			isa = XCBuildConfiguration;
			buildSettings = {
				ALWAYS_SEARCH_USER_PATHS = NO;
				ARCHS = "$(ARCHS_STANDARD)";
				ASSETCATALOG_COMPILER_APPICON_NAME = AppIcon;
				ASSETCATALOG_COMPILER_LAUNCHIMAGE_NAME = LaunchImage;
				CLANG_ENABLE_OBJC_ARC = YES;
				CODE_SIGN_IDENTITY = "iPhone Developer";
				"CODE_SIGN_IDENTITY[sdk=iphoneos*]" = "iPhone Developer";
				COPY_PHASE_STRIP = NO;
				GCC_DYNAMIC_NO_PIC = NO;
				GCC_PRECOMPILE_PREFIX_HEADER = YES;
				GCC_PREFIX_HEADER = Source/Prefix.pch;
				HEADER_SEARCH_PATHS = (
					"\"Source/libs/cocos2d-iphone/external/kazmath/include\"/**",
					"\"Source/libs/cocos2d-iphone/cocos2d\"/**",
					"Source/libs/cocos2d-iphone/external/Chipmunk/objectivec/include",
					"Source/libs/cocos2d-iphone/external/Chipmunk/include",
					"\"Source/libs/cocos2d-iphone/cocos2d-ui\"/**",
					"\"Source/libs/cocos2d-iphone/external/ObjectAL\"/**",
				);
				INFOPLIST_FILE = Source/Resources/Info.plist;
				IPHONEOS_DEPLOYMENT_TARGET = 6.1;
				LIBRARY_SEARCH_PATHS = (
					"$(inherited)",
					"$(PROJECT_DIR)",
				);
				ONLY_ACTIVE_ARCH = YES;
				OTHER_LDFLAGS = (
					"-lz",
					"-lsqlite3",
					"-ObjC",
				);
				PRODUCT_NAME = "Color Shooter";
				PROVISIONING_PROFILE = "";
				WRAPPER_EXTENSION = app;
			};
			name = Debug;
		};
		B77F1CE017B978D8009739AE /* Release */ = {
			isa = XCBuildConfiguration;
			buildSettings = {
				ALWAYS_SEARCH_USER_PATHS = NO;
				ARCHS = "$(ARCHS_STANDARD)";
				ASSETCATALOG_COMPILER_APPICON_NAME = AppIcon;
				ASSETCATALOG_COMPILER_LAUNCHIMAGE_NAME = LaunchImage;
				CLANG_ENABLE_OBJC_ARC = YES;
				CODE_SIGN_IDENTITY = "iPhone Developer";
				"CODE_SIGN_IDENTITY[sdk=iphoneos*]" = "iPhone Developer";
				COPY_PHASE_STRIP = YES;
				GCC_PRECOMPILE_PREFIX_HEADER = YES;
				GCC_PREFIX_HEADER = Source/Prefix.pch;
				HEADER_SEARCH_PATHS = (
					"\"Source/libs/cocos2d-iphone/external/kazmath/include\"/**",
					"\"Source/libs/cocos2d-iphone/cocos2d\"/**",
					"Source/libs/cocos2d-iphone/external/Chipmunk/objectivec/include",
					"Source/libs/cocos2d-iphone/external/Chipmunk/include",
					"\"Source/libs/cocos2d-iphone/cocos2d-ui\"/**",
					"\"Source/libs/cocos2d-iphone/external/ObjectAL\"/**",
				);
				INFOPLIST_FILE = Source/Resources/Info.plist;
				IPHONEOS_DEPLOYMENT_TARGET = 6.1;
				LIBRARY_SEARCH_PATHS = (
					"$(inherited)",
					"$(PROJECT_DIR)",
				);
				OTHER_LDFLAGS = (
					"-lz",
					"-lsqlite3",
					"-ObjC",
				);
				PRODUCT_NAME = "Color Shooter";
				PROVISIONING_PROFILE = "";
				VALIDATE_PRODUCT = YES;
				WRAPPER_EXTENSION = app;
			};
			name = Release;
		};
/* End XCBuildConfiguration section */

/* Begin XCConfigurationList section */
		B77F1B2917B978D7009739AE /* Build configuration list for PBXProject "ColorShooter1" */ = {
			isa = XCConfigurationList;
			buildConfigurations = (
				B77F1CDC17B978D8009739AE /* Debug */,
				B77F1CDD17B978D8009739AE /* Release */,
			);
			defaultConfigurationIsVisible = 0;
			defaultConfigurationName = Release;
		};
		B77F1CDE17B978D8009739AE /* Build configuration list for PBXNativeTarget "ColorShooter1" */ = {
			isa = XCConfigurationList;
			buildConfigurations = (
				B77F1CDF17B978D8009739AE /* Debug */,
				B77F1CE017B978D8009739AE /* Release */,
			);
			defaultConfigurationIsVisible = 0;
			defaultConfigurationName = Release;
		};
/* End XCConfigurationList section */
	};
	rootObject = B77F1B2617B978D7009739AE /* Project object */;
}
